speakeasyVersion: 1.700.2
sources:
    cloud:
        sourceNamespace: xapi
        sourceRevisionDigest: sha256:8c3fb8cbeb3379e5df33d9b0394deb23b4d5fdde6657e0555d53cb535f2443bd
        sourceBlobDigest: sha256:e96a3a17961b772fc44e04f35dba430b77df3072ebe137a36b7c07cc8151309b
        tags:
            - latest
            - speakeasy-sdk-regen-1769709141
            - 3.0.0-beta104
    local:
        sourceNamespace: xapi
        sourceRevisionDigest: sha256:c8958a44906d7cb262b5abb70159f73eaf15ae72ac950268b56c7fb49e5085d5
        sourceBlobDigest: sha256:49307ab138897a29bc171b6e31e542be918a94762a14149bcb48ab2ee6223095
        tags:
            - latest
            - speakeasy-sdk-regen-1754425035
            - 3.0.0-beta01
targets:
    typescript:
        source: cloud
        sourceNamespace: xapi
        sourceRevisionDigest: sha256:8c3fb8cbeb3379e5df33d9b0394deb23b4d5fdde6657e0555d53cb535f2443bd
        sourceBlobDigest: sha256:e96a3a17961b772fc44e04f35dba430b77df3072ebe137a36b7c07cc8151309b
        codeSamplesNamespace: xapi-typescript-code-samples
        codeSamplesRevisionDigest: sha256:cb0967df1a28b397f6e2881ec37a0b4e3d9b80a6d4e22b2b290156c59be69d1c
workflow:
    workflowVersion: 1.0.0
    speakeasyVersion: latest
    sources:
        cloud:
            inputs:
                - location: https://s3.amazonaws.com/dp-devportal-images/oas/openapi.yml
            registry:
                location: registry.speakeasyapi.dev/dailypay/dailypay/xapi
    targets:
        typescript:
            target: typescript
            source: cloud
            codeSamples:
                output: codeSamples.yaml
                registry:
                    location: registry.speakeasyapi.dev/dailypay/dailypay/xapi-typescript-code-samples
                langOverride: JavaScript
                labelOverride:
                    omit: true
            testing:
                enabled: true
